
Microsoft Visual Studio Solution File, Format Version 12.00
# Visual Studio Version 17
VisualStudioVersion = 17.4.33103.184
MinimumVisualStudioVersion = 10.0.40219.1
Project("{FAE04EC0-301F-11D3-BF4B-00C04F79EFBC}") = "PersonalTracking", "PersonalTracking\PersonalTracking.csproj", "{09FF977B-B534-4E56-B56A-1D824E82C657}"
EndProject
Project("{FAE04EC0-301F-11D3-BF4B-00C04F79EFBC}") = "BLL", "BLL\BLL.csproj", "{C0849B8E-A529-4238-99C1-7179875B8C66}"
EndProject
Project("{FAE04EC0-301F-11D3-BF4B-00C04F79EFBC}") = "DAL", "DAL\DAL.csproj", "{C924D529-3D3D-4892-B3F5-DDBB2020DEFE}"
EndProject
Global
	GlobalSection(SolutionConfigurationPlatforms) = preSolution
		Debug|Any CPU = Debug|Any CPU
		Release|Any CPU = Release|Any CPU
	EndGlobalSection
	GlobalSection(ProjectConfigurationPlatforms) = postSolution
		{09FF977B-B534-4E56-B56A-1D824E82C657}.Debug|Any CPU.ActiveCfg = Debug|Any CPU
		{09FF977B-B534-4E56-B56A-1D824E82C657}.Debug|Any CPU.Build.0 = Debug|Any CPU
		{09FF977B-B534-4E56-B56A-1D824E82C657}.Release|Any CPU.ActiveCfg = Release|Any CPU
		{09FF977B-B534-4E56-B56A-1D824E82C657}.Release|Any CPU.Build.0 = Release|Any CPU
		{C0849B8E-A529-4238-99C1-7179875B8C66}.Debug|Any CPU.ActiveCfg = Debug|Any CPU
		{C0849B8E-A529-4238-99C1-7179875B8C66}.Debug|Any CPU.Build.0 = Debug|Any CPU
		{C0849B8E-A529-4238-99C1-7179875B8C66}.Release|Any CPU.ActiveCfg = Release|Any CPU
		{C0849B8E-A529-4238-99C1-7179875B8C66}.Release|Any CPU.Build.0 = Release|Any CPU
		{C924D529-3D3D-4892-B3F5-DDBB2020DEFE}.Debug|Any CPU.ActiveCfg = Debug|Any CPU
		{C924D529-3D3D-4892-B3F5-DDBB2020DEFE}.Debug|Any CPU.Build.0 = Debug|Any CPU
		{C924D529-3D3D-4892-B3F5-DDBB2020DEFE}.Release|Any CPU.ActiveCfg = Release|Any CPU
		{C924D529-3D3D-4892-B3F5-DDBB2020DEFE}.Release|Any CPU.Build.0 = Release|Any CPU
	EndGlobalSection
	GlobalSection(SolutionProperties) = preSolution
		HideSolutionNode = FALSE
	EndGlobalSection
	GlobalSection(ExtensibilityGlobals) = postSolution
		SolutionGuid = {A99DFDFC-9473-4BB9-8402-2133520C3957}
	EndGlobalSection
EndGlobal
